
Microsoft Visual Studio Solution File, Format Version 12.00
# Visual Studio Version 17
VisualStudioVersion = 17.4.33110.190
MinimumVisualStudioVersion = 10.0.40219.1
Project("{9A19103F-16F7-4668-BE54-9A1E7A4F7556}") = "TruckPlanning", "TruckPlan\TruckPlanning.csproj", "{DAE148A4-C529-4E6F-A6F8-533B24539BF0}"
EndProject
Project("{9A19103F-16F7-4668-BE54-9A1E7A4F7556}") = "TruckPlanSpecifications", "TruckPlanSpecifications\TruckPlanSpecifications.csproj", "{BE5088AF-A0E3-4DF8-83A3-6CD025B72840}"
EndProject
Project("{2150E333-8FDC-42A3-9474-1A3956D46DE8}") = "Solution Items", "Solution Items", "{43393363-6E55-4B3F-A5F3-9B8905FDC42B}"
	ProjectSection(SolutionItems) = preProject
		readme.md = readme.md
	EndProjectSection
EndProject
Global
	GlobalSection(SolutionConfigurationPlatforms) = preSolution
		Debug|Any CPU = Debug|Any CPU
		Release|Any CPU = Release|Any CPU
	EndGlobalSection
	GlobalSection(ProjectConfigurationPlatforms) = postSolution
		{DAE148A4-C529-4E6F-A6F8-533B24539BF0}.Debug|Any CPU.ActiveCfg = Debug|Any CPU
		{DAE148A4-C529-4E6F-A6F8-533B24539BF0}.Debug|Any CPU.Build.0 = Debug|Any CPU
		{DAE148A4-C529-4E6F-A6F8-533B24539BF0}.Release|Any CPU.ActiveCfg = Release|Any CPU
		{DAE148A4-C529-4E6F-A6F8-533B24539BF0}.Release|Any CPU.Build.0 = Release|Any CPU
		{BE5088AF-A0E3-4DF8-83A3-6CD025B72840}.Debug|Any CPU.ActiveCfg = Debug|Any CPU
		{BE5088AF-A0E3-4DF8-83A3-6CD025B72840}.Debug|Any CPU.Build.0 = Debug|Any CPU
		{BE5088AF-A0E3-4DF8-83A3-6CD025B72840}.Release|Any CPU.ActiveCfg = Release|Any CPU
		{BE5088AF-A0E3-4DF8-83A3-6CD025B72840}.Release|Any CPU.Build.0 = Release|Any CPU
	EndGlobalSection
	GlobalSection(SolutionProperties) = preSolution
		HideSolutionNode = FALSE
	EndGlobalSection
	GlobalSection(ExtensibilityGlobals) = postSolution
		SolutionGuid = {0E26E21F-47B5-4A8B-A299-DE01476D7A7A}
	EndGlobalSection
EndGlobal
